
Microsoft Visual Studio Solution File, Format Version 12.00
# Visual Studio Version 16
VisualStudioVersion = 16.0.31911.196
MinimumVisualStudioVersion = 10.0.40219.1
Project("{FAE04EC0-301F-11D3-BF4B-00C04F79EFBC}") = "CheckWeather", "CheckWeather\CheckWeather.csproj", "{A662573E-9D90-4A82-BFC2-C55757D0B5ED}"
EndProject
Global
	GlobalSection(SolutionConfigurationPlatforms) = preSolution
		Debug|Any CPU = Debug|Any CPU
		Release|Any CPU = Release|Any CPU
	EndGlobalSection
	GlobalSection(ProjectConfigurationPlatforms) = postSolution
		{A662573E-9D90-4A82-BFC2-C55757D0B5ED}.Debug|Any CPU.ActiveCfg = Debug|Any CPU
		{A662573E-9D90-4A82-BFC2-C55757D0B5ED}.Debug|Any CPU.Build.0 = Debug|Any CPU
		{A662573E-9D90-4A82-BFC2-C55757D0B5ED}.Release|Any CPU.ActiveCfg = Release|Any CPU
		{A662573E-9D90-4A82-BFC2-C55757D0B5ED}.Release|Any CPU.Build.0 = Release|Any CPU
	EndGlobalSection
	GlobalSection(SolutionProperties) = preSolution
		HideSolutionNode = FALSE
	EndGlobalSection
	GlobalSection(ExtensibilityGlobals) = postSolution
		SolutionGuid = {D22805E0-CDE0-48EF-A471-6806509CE606}
	EndGlobalSection
EndGlobal
