
Microsoft Visual Studio Solution File, Format Version 12.00
# Visual Studio Version 16
VisualStudioVersion = 16.0.31424.327
MinimumVisualStudioVersion = 10.0.40219.1
Project("{FAE04EC0-301F-11D3-BF4B-00C04F79EFBC}") = "BasicsOfArry", "BasicsOfArry\BasicsOfArry.csproj", "{CAB68293-3F96-45B1-B7CD-8BC62E5B4CB2}"
EndProject
Global
	GlobalSection(SolutionConfigurationPlatforms) = preSolution
		Debug|Any CPU = Debug|Any CPU
		Release|Any CPU = Release|Any CPU
	EndGlobalSection
	GlobalSection(ProjectConfigurationPlatforms) = postSolution
		{CAB68293-3F96-45B1-B7CD-8BC62E5B4CB2}.Debug|Any CPU.ActiveCfg = Debug|Any CPU
		{CAB68293-3F96-45B1-B7CD-8BC62E5B4CB2}.Debug|Any CPU.Build.0 = Debug|Any CPU
		{CAB68293-3F96-45B1-B7CD-8BC62E5B4CB2}.Release|Any CPU.ActiveCfg = Release|Any CPU
		{CAB68293-3F96-45B1-B7CD-8BC62E5B4CB2}.Release|Any CPU.Build.0 = Release|Any CPU
	EndGlobalSection
	GlobalSection(SolutionProperties) = preSolution
		HideSolutionNode = FALSE
	EndGlobalSection
	GlobalSection(ExtensibilityGlobals) = postSolution
		SolutionGuid = {FFCE0CD9-423A-4B61-A676-25B5A2D4B81B}
	EndGlobalSection
EndGlobal
