
Microsoft Visual Studio Solution File, Format Version 12.00
# Visual Studio Version 16
VisualStudioVersion = 16.0.31911.196
MinimumVisualStudioVersion = 10.0.40219.1
Project("{FAE04EC0-301F-11D3-BF4B-00C04F79EFBC}") = "ChallengeAverageMark", "ChallengeAverageMark\ChallengeAverageMark.csproj", "{2689026F-0DC3-45C2-8D00-FEE4C1459710}"
EndProject
Global
	GlobalSection(SolutionConfigurationPlatforms) = preSolution
		Debug|Any CPU = Debug|Any CPU
		Release|Any CPU = Release|Any CPU
	EndGlobalSection
	GlobalSection(ProjectConfigurationPlatforms) = postSolution
		{2689026F-0DC3-45C2-8D00-FEE4C1459710}.Debug|Any CPU.ActiveCfg = Debug|Any CPU
		{2689026F-0DC3-45C2-8D00-FEE4C1459710}.Debug|Any CPU.Build.0 = Debug|Any CPU
		{2689026F-0DC3-45C2-8D00-FEE4C1459710}.Release|Any CPU.ActiveCfg = Release|Any CPU
		{2689026F-0DC3-45C2-8D00-FEE4C1459710}.Release|Any CPU.Build.0 = Release|Any CPU
	EndGlobalSection
	GlobalSection(SolutionProperties) = preSolution
		HideSolutionNode = FALSE
	EndGlobalSection
	GlobalSection(ExtensibilityGlobals) = postSolution
		SolutionGuid = {6C52956F-9C05-457A-B1C4-4BD75CF32E3F}
	EndGlobalSection
EndGlobal
