
Microsoft Visual Studio Solution File, Format Version 12.00
# Visual Studio Version 16
VisualStudioVersion = 16.0.31911.196
MinimumVisualStudioVersion = 10.0.40219.1
Project("{FAE04EC0-301F-11D3-BF4B-00C04F79EFBC}") = "GradeCalculatorIfElse", "GradeCalculatorIfElse\GradeCalculatorIfElse.csproj", "{BEA93E52-FE4A-449B-B580-23DFE9B899E2}"
EndProject
Global
	GlobalSection(SolutionConfigurationPlatforms) = preSolution
		Debug|Any CPU = Debug|Any CPU
		Release|Any CPU = Release|Any CPU
	EndGlobalSection
	GlobalSection(ProjectConfigurationPlatforms) = postSolution
		{BEA93E52-FE4A-449B-B580-23DFE9B899E2}.Debug|Any CPU.ActiveCfg = Debug|Any CPU
		{BEA93E52-FE4A-449B-B580-23DFE9B899E2}.Debug|Any CPU.Build.0 = Debug|Any CPU
		{BEA93E52-FE4A-449B-B580-23DFE9B899E2}.Release|Any CPU.ActiveCfg = Release|Any CPU
		{BEA93E52-FE4A-449B-B580-23DFE9B899E2}.Release|Any CPU.Build.0 = Release|Any CPU
	EndGlobalSection
	GlobalSection(SolutionProperties) = preSolution
		HideSolutionNode = FALSE
	EndGlobalSection
	GlobalSection(ExtensibilityGlobals) = postSolution
		SolutionGuid = {2E6BBBDA-6A3D-4EB9-A81C-48D23F256A9D}
	EndGlobalSection
EndGlobal
