
Microsoft Visual Studio Solution File, Format Version 12.00
# Visual Studio Version 16
VisualStudioVersion = 16.0.32602.291
MinimumVisualStudioVersion = 10.0.40219.1
Project("{FAE04EC0-301F-11D3-BF4B-00C04F79EFBC}") = "ArrayListBasic", "ArrayListBasic\ArrayListBasic.csproj", "{EDD4AD5F-F351-4AA3-94D5-6A9822FA4169}"
EndProject
Global
	GlobalSection(SolutionConfigurationPlatforms) = preSolution
		Debug|Any CPU = Debug|Any CPU
		Release|Any CPU = Release|Any CPU
	EndGlobalSection
	GlobalSection(ProjectConfigurationPlatforms) = postSolution
		{EDD4AD5F-F351-4AA3-94D5-6A9822FA4169}.Debug|Any CPU.ActiveCfg = Debug|Any CPU
		{EDD4AD5F-F351-4AA3-94D5-6A9822FA4169}.Debug|Any CPU.Build.0 = Debug|Any CPU
		{EDD4AD5F-F351-4AA3-94D5-6A9822FA4169}.Release|Any CPU.ActiveCfg = Release|Any CPU
		{EDD4AD5F-F351-4AA3-94D5-6A9822FA4169}.Release|Any CPU.Build.0 = Release|Any CPU
	EndGlobalSection
	GlobalSection(SolutionProperties) = preSolution
		HideSolutionNode = FALSE
	EndGlobalSection
	GlobalSection(ExtensibilityGlobals) = postSolution
		SolutionGuid = {9FF9B9E3-AC02-4B42-A616-4659E3B900A4}
	EndGlobalSection
EndGlobal
