
Microsoft Visual Studio Solution File, Format Version 12.00
# Visual Studio Version 16
VisualStudioVersion = 16.0.31424.327
MinimumVisualStudioVersion = 10.0.40219.1
Project("{FAE04EC0-301F-11D3-BF4B-00C04F79EFBC}") = "2Dand3Darray", "2Dand3Darray\2Dand3Darray.csproj", "{EAB5AB26-A1BC-48E9-B293-F1DE527AB482}"
EndProject
Global
	GlobalSection(SolutionConfigurationPlatforms) = preSolution
		Debug|Any CPU = Debug|Any CPU
		Release|Any CPU = Release|Any CPU
	EndGlobalSection
	GlobalSection(ProjectConfigurationPlatforms) = postSolution
		{EAB5AB26-A1BC-48E9-B293-F1DE527AB482}.Debug|Any CPU.ActiveCfg = Debug|Any CPU
		{EAB5AB26-A1BC-48E9-B293-F1DE527AB482}.Debug|Any CPU.Build.0 = Debug|Any CPU
		{EAB5AB26-A1BC-48E9-B293-F1DE527AB482}.Release|Any CPU.ActiveCfg = Release|Any CPU
		{EAB5AB26-A1BC-48E9-B293-F1DE527AB482}.Release|Any CPU.Build.0 = Release|Any CPU
	EndGlobalSection
	GlobalSection(SolutionProperties) = preSolution
		HideSolutionNode = FALSE
	EndGlobalSection
	GlobalSection(ExtensibilityGlobals) = postSolution
		SolutionGuid = {02DBE067-BC85-47EB-B1E0-61C70AFD0265}
	EndGlobalSection
EndGlobal
