
Microsoft Visual Studio Solution File, Format Version 12.00
# Visual Studio Version 16
VisualStudioVersion = 16.0.32602.291
MinimumVisualStudioVersion = 10.0.40219.1
Project("{FAE04EC0-301F-11D3-BF4B-00C04F79EFBC}") = "LinqWithClassObject", "LinqWithClassObject\LinqWithClassObject.csproj", "{A9975DF9-8006-450F-827C-3708B89281FF}"
EndProject
Global
	GlobalSection(SolutionConfigurationPlatforms) = preSolution
		Debug|Any CPU = Debug|Any CPU
		Release|Any CPU = Release|Any CPU
	EndGlobalSection
	GlobalSection(ProjectConfigurationPlatforms) = postSolution
		{A9975DF9-8006-450F-827C-3708B89281FF}.Debug|Any CPU.ActiveCfg = Debug|Any CPU
		{A9975DF9-8006-450F-827C-3708B89281FF}.Debug|Any CPU.Build.0 = Debug|Any CPU
		{A9975DF9-8006-450F-827C-3708B89281FF}.Release|Any CPU.ActiveCfg = Release|Any CPU
		{A9975DF9-8006-450F-827C-3708B89281FF}.Release|Any CPU.Build.0 = Release|Any CPU
	EndGlobalSection
	GlobalSection(SolutionProperties) = preSolution
		HideSolutionNode = FALSE
	EndGlobalSection
	GlobalSection(ExtensibilityGlobals) = postSolution
		SolutionGuid = {9D6E922E-ADEF-4F35-98B5-CF8067F49AF4}
	EndGlobalSection
EndGlobal
