
Microsoft Visual Studio Solution File, Format Version 12.00
# Visual Studio Version 16
VisualStudioVersion = 16.0.32602.291
MinimumVisualStudioVersion = 10.0.40219.1
Project("{FAE04EC0-301F-11D3-BF4B-00C04F79EFBC}") = "VariousAnonymousAndLamda", "VariousAnonymousAndLamda\VariousAnonymousAndLamda.csproj", "{BC58E564-F3AE-4011-937F-8B5475403CDA}"
EndProject
Global
	GlobalSection(SolutionConfigurationPlatforms) = preSolution
		Debug|Any CPU = Debug|Any CPU
		Release|Any CPU = Release|Any CPU
	EndGlobalSection
	GlobalSection(ProjectConfigurationPlatforms) = postSolution
		{BC58E564-F3AE-4011-937F-8B5475403CDA}.Debug|Any CPU.ActiveCfg = Debug|Any CPU
		{BC58E564-F3AE-4011-937F-8B5475403CDA}.Debug|Any CPU.Build.0 = Debug|Any CPU
		{BC58E564-F3AE-4011-937F-8B5475403CDA}.Release|Any CPU.ActiveCfg = Release|Any CPU
		{BC58E564-F3AE-4011-937F-8B5475403CDA}.Release|Any CPU.Build.0 = Release|Any CPU
	EndGlobalSection
	GlobalSection(SolutionProperties) = preSolution
		HideSolutionNode = FALSE
	EndGlobalSection
	GlobalSection(ExtensibilityGlobals) = postSolution
		SolutionGuid = {2D835DD3-F751-468F-8C46-783CBC2BC14C}
	EndGlobalSection
EndGlobal
