
Microsoft Visual Studio Solution File, Format Version 12.00
# Visual Studio Version 16
VisualStudioVersion = 16.0.32602.291
MinimumVisualStudioVersion = 10.0.40219.1
Project("{FAE04EC0-301F-11D3-BF4B-00C04F79EFBC}") = "UseOfSealed", "UseOfSealed\UseOfSealed.csproj", "{0EF3B3A4-DB00-4439-AD54-DD600D9823F7}"
EndProject
Global
	GlobalSection(SolutionConfigurationPlatforms) = preSolution
		Debug|Any CPU = Debug|Any CPU
		Release|Any CPU = Release|Any CPU
	EndGlobalSection
	GlobalSection(ProjectConfigurationPlatforms) = postSolution
		{0EF3B3A4-DB00-4439-AD54-DD600D9823F7}.Debug|Any CPU.ActiveCfg = Debug|Any CPU
		{0EF3B3A4-DB00-4439-AD54-DD600D9823F7}.Debug|Any CPU.Build.0 = Debug|Any CPU
		{0EF3B3A4-DB00-4439-AD54-DD600D9823F7}.Release|Any CPU.ActiveCfg = Release|Any CPU
		{0EF3B3A4-DB00-4439-AD54-DD600D9823F7}.Release|Any CPU.Build.0 = Release|Any CPU
	EndGlobalSection
	GlobalSection(SolutionProperties) = preSolution
		HideSolutionNode = FALSE
	EndGlobalSection
	GlobalSection(ExtensibilityGlobals) = postSolution
		SolutionGuid = {A40C2AE3-4BC3-4C03-959D-E2155BEB255B}
	EndGlobalSection
EndGlobal
