
Microsoft Visual Studio Solution File, Format Version 12.00
# Visual Studio Version 16
VisualStudioVersion = 16.0.32602.291
MinimumVisualStudioVersion = 10.0.40219.1
Project("{FAE04EC0-301F-11D3-BF4B-00C04F79EFBC}") = "AnonymusMethod", "AnonymusMethod\AnonymusMethod.csproj", "{E1634DF2-1A49-4E5A-9E45-327CB3E85F70}"
EndProject
Global
	GlobalSection(SolutionConfigurationPlatforms) = preSolution
		Debug|Any CPU = Debug|Any CPU
		Release|Any CPU = Release|Any CPU
	EndGlobalSection
	GlobalSection(ProjectConfigurationPlatforms) = postSolution
		{E1634DF2-1A49-4E5A-9E45-327CB3E85F70}.Debug|Any CPU.ActiveCfg = Debug|Any CPU
		{E1634DF2-1A49-4E5A-9E45-327CB3E85F70}.Debug|Any CPU.Build.0 = Debug|Any CPU
		{E1634DF2-1A49-4E5A-9E45-327CB3E85F70}.Release|Any CPU.ActiveCfg = Release|Any CPU
		{E1634DF2-1A49-4E5A-9E45-327CB3E85F70}.Release|Any CPU.Build.0 = Release|Any CPU
	EndGlobalSection
	GlobalSection(SolutionProperties) = preSolution
		HideSolutionNode = FALSE
	EndGlobalSection
	GlobalSection(ExtensibilityGlobals) = postSolution
		SolutionGuid = {0B83ED38-5EE7-4827-9FDE-D08707CA6309}
	EndGlobalSection
EndGlobal
